
Microsoft Visual Studio Solution File, Format Version 12.00
# Visual Studio Version 17
VisualStudioVersion = 17.4.33213.308
MinimumVisualStudioVersion = 10.0.40219.1
Project("{FAE04EC0-301F-11D3-BF4B-00C04F79EFBC}") = "App2P2023.Android", "App2P2023.Android\App2P2023.Android.csproj", "{2DA9A552-76BC-41C0-A89E-4C9C3CC98A8C}"
EndProject
Project("{FAE04EC0-301F-11D3-BF4B-00C04F79EFBC}") = "App2P2023", "App2P2023\App2P2023.csproj", "{FBF2750A-A5E9-40E7-89B0-745289C560DC}"
EndProject
Global
	GlobalSection(SolutionConfigurationPlatforms) = preSolution
		Debug|Any CPU = Debug|Any CPU
		Release|Any CPU = Release|Any CPU
	EndGlobalSection
	GlobalSection(ProjectConfigurationPlatforms) = postSolution
		{2DA9A552-76BC-41C0-A89E-4C9C3CC98A8C}.Debug|Any CPU.ActiveCfg = Debug|Any CPU
		{2DA9A552-76BC-41C0-A89E-4C9C3CC98A8C}.Debug|Any CPU.Build.0 = Debug|Any CPU
		{2DA9A552-76BC-41C0-A89E-4C9C3CC98A8C}.Debug|Any CPU.Deploy.0 = Debug|Any CPU
		{2DA9A552-76BC-41C0-A89E-4C9C3CC98A8C}.Release|Any CPU.ActiveCfg = Release|Any CPU
		{2DA9A552-76BC-41C0-A89E-4C9C3CC98A8C}.Release|Any CPU.Build.0 = Release|Any CPU
		{2DA9A552-76BC-41C0-A89E-4C9C3CC98A8C}.Release|Any CPU.Deploy.0 = Release|Any CPU
		{FBF2750A-A5E9-40E7-89B0-745289C560DC}.Debug|Any CPU.ActiveCfg = Debug|Any CPU
		{FBF2750A-A5E9-40E7-89B0-745289C560DC}.Debug|Any CPU.Build.0 = Debug|Any CPU
		{FBF2750A-A5E9-40E7-89B0-745289C560DC}.Debug|Any CPU.Deploy.0 = Debug|Any CPU
		{FBF2750A-A5E9-40E7-89B0-745289C560DC}.Release|Any CPU.ActiveCfg = Release|Any CPU
		{FBF2750A-A5E9-40E7-89B0-745289C560DC}.Release|Any CPU.Build.0 = Release|Any CPU
		{FBF2750A-A5E9-40E7-89B0-745289C560DC}.Release|Any CPU.Deploy.0 = Release|Any CPU
	EndGlobalSection
	GlobalSection(SolutionProperties) = preSolution
		HideSolutionNode = FALSE
	EndGlobalSection
	GlobalSection(ExtensibilityGlobals) = postSolution
		SolutionGuid = {2A50BD69-08D7-4838-9C3C-9352CC7A4386}
	EndGlobalSection
EndGlobal
